{
    "_meta": {
        "hash": {
            "sha256": "f1ddfd2ca48a2fc36710f468a221e33fc20c2876fb4424a2b5e77cb54f7d9d1a"
        },
        "pipfile-spec": 6,
        "requires": {
            "python_version": "3.8"
        },
        "sources": [
            {
                "name": "pypi",
                "url": "https://pypi.org/simple",
                "verify_ssl": true
            }
        ]
    },
    "default": {
        "click": {
            "hashes": [
                "sha256:bbb49b513a663b9d93139b1ddadfa866edb41982d8b1c7b79a81f47e279bdb72",
                "sha256:fba0ff70f5ebb4cebbf64c40a8fbc222fb7cf825237241e548354dabe3da6a82"
            ],
            "index": "pypi",
            "version": "==6.2"
        },
        "funcsigs": {
            "hashes": [
                "sha256:330cc27ccbf7f1e992e69fef78261dc7c6569012cf397db8d3de0234e6c937ca",
                "sha256:a7bb0f2cf3a3fd1ab2732cb49eba4252c2af4240442415b4abce3b87022a8f50"
            ],
            "index": "pypi",
            "version": "==1.0.2"
        },
        "future": {
            "hashes": [
                "sha256:3d3b193f20ca62ba7d8782589922878820d0a023b885882deec830adbf639b97"
            ],
            "index": "pypi",
            "version": "==0.15.2"
        },
        "regex": {
            "hashes": [
                "sha256:0cb23ed0e327c18fb7eac61ebbb3180ebafed5b9b86ca2e15438201e5903b5dd",
                "sha256:1a065e7a6a1b4aa851a0efa1a2579eabc765246b8b3a5fd74000aaa3134b8b4e",
                "sha256:1a511470db3aa97432ac8c1bf014fcc6c9fbfd0f4b1313024d342549cf86bcd6",
                "sha256:1c447b0d108cddc69036b1b3910fac159f2b51fdeec7f13872e059b7bc932be1",
                "sha256:2278453c6a76280b38855a263198961938108ea2333ee145c5168c36b8e2b376",
                "sha256:240509721a663836b611fa13ca1843079fc52d0b91ef3f92d9bba8da12e768a0",
                "sha256:4e21340c07090ddc8c16deebfd82eb9c9e1ec5e62f57bb86194a2595fd7b46e0",
                "sha256:570e916a44a361d4e85f355aacd90e9113319c78ce3c2d098d2ddf9631b34505",
                "sha256:59d5c6302d22c16d59611a9fd53556554010db1d47e9df5df37be05007bebe75",
                "sha256:6a46eba253cedcbe8a6469f881f014f0a98819d99d341461630885139850e281",
                "sha256:6f567df0601e9c7434958143aebea47a9c4b45434ea0ae0286a4ec19e9877169",
                "sha256:781906e45ef1d10a0ed9ec8ab83a09b5e0d742de70e627b20d61ccb1b1d3964d",
                "sha256:8469377a437dbc31e480993399fd1fd15fe26f382dc04c51c9cb73e42965cc06",
                "sha256:8cd0d587aaac74194ad3e68029124c06245acaeddaae14cb45844e5c9bebeea4",
                "sha256:97a023f97cddf00831ba04886d1596ef10f59b93df7f855856f037190936e868",
                "sha256:a973d5a7a324e2a5230ad7c43f5e1383cac51ef4903bf274936a5634b724b531",
                "sha256:af360e62a9790e0a96bc9ac845d87bfa0e4ee0ee68547ae8b5a9c1030517dbef",
                "sha256:b706c70070eea03411b1761fff3a2675da28d042a1ab7d0863b3efe1faa125c9",
                "sha256:bfd7a9fddd11d116a58b62ee6c502fd24cfe22a4792261f258f886aa41c2a899",
                "sha256:c30d8766a055c22e39dd7e1a4f98f6266169f2de05db737efe509c2fb9c8a3c8",
                "sha256:c53dc8ee3bb7b7e28ee9feb996a0c999137be6c1d3b02cb6b3c4cba4f9e5ed09",
                "sha256:c95d514093b80e5309bdca5dd99e51bcf82c44043b57c34594d9d7556bd04d05",
                "sha256:d43cf21df524283daa80ecad551c306b7f52881c8d0fe4e3e76a96b626b6d8d8",
                "sha256:d62205f00f461fe8b24ade07499454a3b7adf3def1225e258b994e2215fd15c5",
                "sha256:e289a857dca3b35d3615c3a6a438622e20d1bf0abcb82c57d866c8d0be3f44c4",
                "sha256:e5f6aa56dda92472e9d6f7b1e6331f4e2d51a67caafff4d4c5121cadac03941e",
                "sha256:f4b1c65ee86bfbf7d0c3dfd90592a9e3d6e9ecd36c367c884094c050d4c35d04"
            ],
            "index": "pypi",
            "version": "==2020.10.23"
        },
        "sentencepiece": {
            "hashes": [
                "sha256:05e6ef6a669d2e2d3232d95acfb2a9d255272484b898ea0650659d95448bf93f",
                "sha256:11bd70be4baf4e67b1714e43bcd1e7fed0ce04616a20388367299846fdaf712d",
                "sha256:1d7c9f52a2e32a7a2eb9685ddf74a86b5df94fcaccf37be661ac9bb5c9db4893",
                "sha256:1e6b711563163fc8cf2c873d08b4495244859e3f6d6c18859b524395d8550482",
                "sha256:232a882ebf074966e24943119ab83554642bd339bd5d6bd2641092133983bc6a",
                "sha256:295ef1ccf570c33728040a461cf837611495e8a5bd954012a5784fb3529ff460",
                "sha256:3f6c0b5c501053a2f9d99daccbf187f367ded5ae35e9e031feae56188b352433",
                "sha256:42d35adb51eb530d57c56c2cd445dbf9bd9db36bf82741aa5b42216f7f34c12d",
                "sha256:4c11b2fc89c71510a900e2dbd4d93fb18a867ce7160f298bb6bb8a581d646d63",
                "sha256:4d7d0844a57156b630fb98e21203c2755b342824b8c5a445e4ac78612c291218",
                "sha256:58db565195ee31efbaca9d00937f9f73aa131cc820c2ad46a39ac62f8671866f",
                "sha256:5c2969c4f62039d82f761c9548011bf39673a1eb8dc8f747943b88851523c943",
                "sha256:7b4867845e6935c43e37042a451d2ce84d9d97365300151a8c1c1cc724acad32",
                "sha256:7b6c794d30272a5e635e958fdb4976dd991bf35eed90441104a042b2e51723c7",
                "sha256:849d74885f6f7af03a5d354b919bf23c757f94257d7a068bc464efd70d651e3a",
                "sha256:88ef71e36b09ddd53498064efaec5470a09698df2427362cc4e86198d88aa01e",
                "sha256:995e645a94107e46317987d348216a0fb1ae3a8befec9c99cc506b8994aa133d",
                "sha256:9c8476febe8eb0a165cf04192ebd2b15124d83cfc44269e10d2a83ace677f109",
                "sha256:9c87f759dddefff52c12d4a3500a00faf22ea476a004c33c78794699069d8fc9",
                "sha256:9d2245d400424ab261e3253308001606668126a08efdc19ee2c348b0e228e1e1",
                "sha256:9d446ad41744a898f34800ee492553b4a24255a0f922cb32fe33a3c0a865d153",
                "sha256:a75f418bd92c6c92e2ee0c95e89b45b76bc54e45ed7cf2b3b74d313b263d1baa",
                "sha256:a89d90b45ba5025fcd19cad685c7572624a036d883091af967a75f3793c2aee4",
                "sha256:b01057743c2488c8d6e7b45b0732ee23976ac3d58d11cd90390cbc3221c07402",
                "sha256:b5e3eedad0ef5b3a4ae1d201fc0edc7f4b4d567c016913d4b996ebf0ab66748b",
                "sha256:bf524fa6243cfd05a04f65a6b17516ddd58438adf3c35df02ca3ebb832270a47",
                "sha256:c571b26017d8dd1c47dc2eeae09caa15cfe3d2f31fb01f004d463403a1f1349b",
                "sha256:c9d440d9ecf8c8787b89bc8596f7a47c548a9968f802d654faaf5652598ffbb0",
                "sha256:cbde526df19d6bcfa2b8503b2a4bf6996dd3172f631fd2b7efd7b6435d96407c",
                "sha256:cd6434909e1c8494b3254bf3150420e45489214d9bc7ab6ad4d1804d75d6d58f",
                "sha256:db744b73b5a5fd7adfa5cfc4eb4b7d0f408c2059783fd52c934b49743a0d2326",
                "sha256:e4aef0be184f3c5b72a1c3f7e01fbf245eb3b3c70365f823e24542008afe387f",
                "sha256:e5074d8239dcc6130dce8ffd734ab797f86679fc75a4a1d96adc243293178c05",
                "sha256:ed49f1187a25db531e2ad95718a5640a3f7e0467bc82e4267cc6f7b6caa3054a",
                "sha256:fb31a1827da0de50dc8ca33d4e657121594092c7231a4fb2d6a86149dfd98bc5",
                "sha256:fd12969cf8420870bee743398e2e60f722d1ffdf9d201dc1d6b09096c971bfd9",
                "sha256:fee3e6849b9e0cef774fb003ba2950b282b1910cdd761794bbf8dc0aa9d5f7d3"
            ],
            "index": "pypi",
            "version": "==0.1.94"
        }
    },
    "develop": {}
}
